<?xml version="1.0" encoding="utf-8"?>
<Project ToolsVersion="4.0" xmlns="http://schemas.microsoft.com/developer/msbuild/2003">
  <ItemGroup>
    <Filter Include="Source Files">
      <UniqueIdentifier>{4FC737F1-C7A5-4376-A066-2A32D752A2FF}</UniqueIdentifier>
      <Extensions>cpp;c;cc;cxx;c++;def;odl;idl;hpj;bat;asm;asmx</Extensions>
    </Filter>
    <Filter Include="Header Files">
      <UniqueIdentifier>{93995380-89BD-4b04-88EB-625FBE52EBFB}</UniqueIdentifier>
      <Extensions>h;hh;hpp;hxx;h++;hm;inl;inc;ipp;xsd</Extensions>
    </Filter>
    <Filter Include="Resource Files">
      <UniqueIdentifier>{67DA6AB6-F800-4c08-8B7A-83BB121AAD01}</UniqueIdentifier>
      <Extensions>rc;ico;cur;bmp;dlg;rc2;rct;bin;rgs;gif;jpg;jpeg;jpe;resx;tiff;tif;png;wav;mfcribbon-ms</Extensions>
    </Filter>
    <Filter Include="Source Files\Operator Overloading">
      <UniqueIdentifier>{9b090f0b-64ba-4037-8846-1acc3a58599c}</UniqueIdentifier>
    </Filter>
    <Filter Include="Source Files\The Standard Template Library">
      <UniqueIdentifier>{a5649582-5e74-4ac3-95a1-20f2b897b489}</UniqueIdentifier>
    </Filter>
  </ItemGroup>
  <ItemGroup>
    <ClCompile Include="Overloading_the_Assignment_Operator.cpp">
      <Filter>Source Files\Operator Overloading</Filter>
    </ClCompile>
    <ClCompile Include="vector.cpp">
      <Filter>Source Files\The Standard Template Library</Filter>
    </ClCompile>
    <ClCompile Include="Two-Demensional Vector.cpp">
      <Filter>Source Files\The Standard Template Library</Filter>
    </ClCompile>
    <ClCompile Include="Printing-OverloadingLeftBitShift.cpp">
      <Filter>Source Files\Operator Overloading</Filter>
    </ClCompile>
    <ClCompile Include="Complex.cpp">
      <Filter>Source Files\Operator Overloading</Filter>
    </ClCompile>
    <ClCompile Include="OverloadingPlus.cpp">
      <Filter>Source Files\Operator Overloading</Filter>
    </ClCompile>
    <ClCompile Include="AComplexNumberClass.cpp">
      <Filter>Source Files\Operator Overloading</Filter>
    </ClCompile>
    <ClCompile Include="Overloading_Equalit_Test.cpp">
      <Filter>Source Files\Operator Overloading</Filter>
    </ClCompile>
    <ClCompile Include="vector_and_Memory.cpp">
      <Filter>Source Files\The Standard Template Library</Filter>
    </ClCompile>
    <ClCompile Include="STLComplex.cpp">
      <Filter>Source Files\The Standard Template Library</Filter>
    </ClCompile>
    <ClCompile Include="OverloadingTheDereferenceOperator.cpp">
      <Filter>Source Files\Operator Overloading</Filter>
    </ClCompile>
  </ItemGroup>
  <ItemGroup>
    <ClInclude Include="Complex.h">
      <Filter>Source Files\Operator Overloading</Filter>
    </ClInclude>
  </ItemGroup>
</Project>